
Microsoft Visual Studio Solution File, Format Version 12.00
# Visual Studio Version 17
VisualStudioVersion = 17.13.35919.96 d17.13
MinimumVisualStudioVersion = 10.0.40219.1
Project("{FAE04EC0-301F-11D3-BF4B-00C04F79EFBC}") = "QuestõesOption", "QuestõesOption\QuestõesOption.csproj", "{981F7991-43A7-4A1E-B867-BE7A9D00CA2B}"
EndProject
Project("{FAE04EC0-301F-11D3-BF4B-00C04F79EFBC}") = "OperaçõesTestes", "OperaçõesTestes\OperaçõesTestes.csproj", "{0B41FDF5-C966-4807-B849-EC1C58BD41F9}"
EndProject
Global
	GlobalSection(SolutionConfigurationPlatforms) = preSolution
		Debug|Any CPU = Debug|Any CPU
		Release|Any CPU = Release|Any CPU
	EndGlobalSection
	GlobalSection(ProjectConfigurationPlatforms) = postSolution
		{981F7991-43A7-4A1E-B867-BE7A9D00CA2B}.Debug|Any CPU.ActiveCfg = Debug|Any CPU
		{981F7991-43A7-4A1E-B867-BE7A9D00CA2B}.Debug|Any CPU.Build.0 = Debug|Any CPU
		{981F7991-43A7-4A1E-B867-BE7A9D00CA2B}.Release|Any CPU.ActiveCfg = Release|Any CPU
		{981F7991-43A7-4A1E-B867-BE7A9D00CA2B}.Release|Any CPU.Build.0 = Release|Any CPU
		{0B41FDF5-C966-4807-B849-EC1C58BD41F9}.Debug|Any CPU.ActiveCfg = Debug|Any CPU
		{0B41FDF5-C966-4807-B849-EC1C58BD41F9}.Debug|Any CPU.Build.0 = Debug|Any CPU
		{0B41FDF5-C966-4807-B849-EC1C58BD41F9}.Release|Any CPU.ActiveCfg = Release|Any CPU
		{0B41FDF5-C966-4807-B849-EC1C58BD41F9}.Release|Any CPU.Build.0 = Release|Any CPU
	EndGlobalSection
	GlobalSection(SolutionProperties) = preSolution
		HideSolutionNode = FALSE
	EndGlobalSection
	GlobalSection(ExtensibilityGlobals) = postSolution
		SolutionGuid = {CB9FD2BB-16A2-43E2-B768-7F67EEC35467}
	EndGlobalSection
EndGlobal
